
Microsoft Visual Studio Solution File, Format Version 12.00
# Visual Studio Version 16
VisualStudioVersion = 16.0.32413.511
MinimumVisualStudioVersion = 10.0.40219.1
Project("{FAE04EC0-301F-11D3-BF4B-00C04F79EFBC}") = "SE1616_Group3_Project", "SE1616_Group3_Project\SE1616_Group3_Project.csproj", "{B8DF8865-C319-4571-A4B4-FA304BC31753}"
EndProject
Global
	GlobalSection(SolutionConfigurationPlatforms) = preSolution
		Debug|Any CPU = Debug|Any CPU
		Release|Any CPU = Release|Any CPU
	EndGlobalSection
	GlobalSection(ProjectConfigurationPlatforms) = postSolution
		{B8DF8865-C319-4571-A4B4-FA304BC31753}.Debug|Any CPU.ActiveCfg = Debug|Any CPU
		{B8DF8865-C319-4571-A4B4-FA304BC31753}.Debug|Any CPU.Build.0 = Debug|Any CPU
		{B8DF8865-C319-4571-A4B4-FA304BC31753}.Release|Any CPU.ActiveCfg = Release|Any CPU
		{B8DF8865-C319-4571-A4B4-FA304BC31753}.Release|Any CPU.Build.0 = Release|Any CPU
	EndGlobalSection
	GlobalSection(SolutionProperties) = preSolution
		HideSolutionNode = FALSE
	EndGlobalSection
	GlobalSection(ExtensibilityGlobals) = postSolution
		SolutionGuid = {A757CF77-8F34-4914-917C-522994BE0CB1}
	EndGlobalSection
EndGlobal
